
Microsoft Visual Studio Solution File, Format Version 12.00
# Visual Studio Version 17
VisualStudioVersion = 17.13.35931.197 d17.13
MinimumVisualStudioVersion = 10.0.40219.1
Project("{FAE04EC0-301F-11D3-BF4B-00C04F79EFBC}") = "Compilador", "Compilador.csproj", "{C1AF8E94-E200-422A-940C-8CCB93DD4A9D}"
EndProject
Global
	GlobalSection(SolutionConfigurationPlatforms) = preSolution
		Debug|Any CPU = Debug|Any CPU
		Release|Any CPU = Release|Any CPU
	EndGlobalSection
	GlobalSection(ProjectConfigurationPlatforms) = postSolution
		{C1AF8E94-E200-422A-940C-8CCB93DD4A9D}.Debug|Any CPU.ActiveCfg = Debug|Any CPU
		{C1AF8E94-E200-422A-940C-8CCB93DD4A9D}.Debug|Any CPU.Build.0 = Debug|Any CPU
		{C1AF8E94-E200-422A-940C-8CCB93DD4A9D}.Release|Any CPU.ActiveCfg = Release|Any CPU
		{C1AF8E94-E200-422A-940C-8CCB93DD4A9D}.Release|Any CPU.Build.0 = Release|Any CPU
	EndGlobalSection
	GlobalSection(SolutionProperties) = preSolution
		HideSolutionNode = FALSE
	EndGlobalSection
	GlobalSection(ExtensibilityGlobals) = postSolution
		SolutionGuid = {7E273D93-627D-4757-8943-B31E543A0A4F}
	EndGlobalSection
EndGlobal
